github.com/plainkit/html v0.6.0 h1:bBslOROXL7FONsDPN+BUO+5BTKNClFhgMkekyT471z8=
github.com/plainkit/html v0.6.0/go.mod h1:63DVpcbAvlLsDEzubaPzrzu3QHgTC43f0JShOt9/32s=
github.com/plainkit/html v0.7.0 h1:A+lS2QALmJkUK1dKcLzUFcWrdWuT0C/f/d1l/B6cghE=
github.com/plainkit/html v0.7.0/go.mod h1:63DVpcbAvlLsDEzubaPzrzu3QHgTC43f0JShOt9/32s=
